{
  "name": "marketing-analytics",
  "lockfileVersion": 2,
  "requires": true,
  "packages": {
    "": {
      "name": "marketing-analytics",
      "dependencies": {
        "@dataform/core": "3.0.19"
      }
    },
    "node_modules/@dataform/core": {
      "version": "3.0.19",
      "resolved": "https://registry.npmjs.org/@dataform/core/-/core-3.0.19.tgz",
      "integrity": "sha512-pe/LbwYPiOpgxAK/YxaQB/6BaAhlBE+G6eFUrIKE3jChAA4xHMKKP3RTU4y9U8vzs54KAaI3LZqd14hpzG3w7Q=="
    }
  },
  "dependencies": {
    "@dataform/core": {
      "version": "3.0.19",
      "resolved": "https://registry.npmjs.org/@dataform/core/-/core-3.0.19.tgz",
      "integrity": "sha512-pe/LbwYPiOpgxAK/YxaQB/6BaAhlBE+G6eFUrIKE3jChAA4xHMKKP3RTU4y9U8vzs54KAaI3LZqd14hpzG3w7Q=="
    }
  }
}
