{
  "name": "marketing-analytics",
  "lockfileVersion": 2,
  "requires": true,
  "packages": {
    "": {
      "name": "marketing-analytics",
      "dependencies": {
        "@dataform/core": "3.0.7"
      }
    },
    "node_modules/@dataform/core": {
      "version": "3.0.7",
      "resolved": "https://registry.npmjs.org/@dataform/core/-/core-3.0.7.tgz",
      "integrity": "sha512-zOYVwB63Ez0SH4KO1eZ/m/DAYZ5t3CKdKLASOEFr3IRdk8egU+m2uwnACOp/x+VJ02AsA5q157KvoDfXWsXelQ=="
    }
  },
  "dependencies": {
    "@dataform/core": {
      "version": "3.0.7",
      "resolved": "https://registry.npmjs.org/@dataform/core/-/core-3.0.7.tgz",
      "integrity": "sha512-zOYVwB63Ez0SH4KO1eZ/m/DAYZ5t3CKdKLASOEFr3IRdk8egU+m2uwnACOp/x+VJ02AsA5q157KvoDfXWsXelQ=="
    }
  }
}
