{
  "name": "marketing-analytics",
  "lockfileVersion": 2,
  "requires": true,
  "packages": {
    "": {
      "name": "marketing-analytics",
      "dependencies": {
        "@dataform/core": "3.0.20"
      }
    },
    "node_modules/@dataform/core": {
      "version": "3.0.20",
      "resolved": "https://registry.npmjs.org/@dataform/core/-/core-3.0.20.tgz",
      "integrity": "sha512-8g6xqGpWIWiOlH22+J2g5nr9DprpK3Oed28IBqHIR1ctojPJCrOlSjOUPyizCtblIgGdwoeYqPDJDPEB63OUNQ=="
    }
  },
  "dependencies": {
    "@dataform/core": {
      "version": "3.0.20",
      "resolved": "https://registry.npmjs.org/@dataform/core/-/core-3.0.20.tgz",
      "integrity": "sha512-8g6xqGpWIWiOlH22+J2g5nr9DprpK3Oed28IBqHIR1ctojPJCrOlSjOUPyizCtblIgGdwoeYqPDJDPEB63OUNQ=="
    }
  }
}
